
Microsoft Visual Studio Solution File, Format Version 12.00
# Visual Studio Version 17
VisualStudioVersion = 17.8.34316.72
MinimumVisualStudioVersion = 10.0.40219.1
Project("{FAE04EC0-301F-11D3-BF4B-00C04F79EFBC}") = "MISA.CukCuk.Web", "MISA.CukCuk.Web.csproj", "{4F56143D-8A84-46AD-9584-7C5AD9F8569C}"
EndProject
Project("{FAE04EC0-301F-11D3-BF4B-00C04F79EFBC}") = "MISA.CukCuk.API", "..\MISA.CukCuk.API\MISA.CukCuk.API.csproj", "{25E05FC1-58CA-4107-AA51-AE11401D84C4}"
EndProject
Global
	GlobalSection(SolutionConfigurationPlatforms) = preSolution
		Debug|Any CPU = Debug|Any CPU
		Release|Any CPU = Release|Any CPU
	EndGlobalSection
	GlobalSection(ProjectConfigurationPlatforms) = postSolution
		{4F56143D-8A84-46AD-9584-7C5AD9F8569C}.Debug|Any CPU.ActiveCfg = Debug|Any CPU
		{4F56143D-8A84-46AD-9584-7C5AD9F8569C}.Debug|Any CPU.Build.0 = Debug|Any CPU
		{4F56143D-8A84-46AD-9584-7C5AD9F8569C}.Release|Any CPU.ActiveCfg = Release|Any CPU
		{4F56143D-8A84-46AD-9584-7C5AD9F8569C}.Release|Any CPU.Build.0 = Release|Any CPU
		{25E05FC1-58CA-4107-AA51-AE11401D84C4}.Debug|Any CPU.ActiveCfg = Debug|Any CPU
		{25E05FC1-58CA-4107-AA51-AE11401D84C4}.Debug|Any CPU.Build.0 = Debug|Any CPU
		{25E05FC1-58CA-4107-AA51-AE11401D84C4}.Release|Any CPU.ActiveCfg = Release|Any CPU
		{25E05FC1-58CA-4107-AA51-AE11401D84C4}.Release|Any CPU.Build.0 = Release|Any CPU
	EndGlobalSection
	GlobalSection(SolutionProperties) = preSolution
		HideSolutionNode = FALSE
	EndGlobalSection
	GlobalSection(ExtensibilityGlobals) = postSolution
		SolutionGuid = {6AFBBEE7-68E6-4E1E-9306-0A3374571D00}
	EndGlobalSection
EndGlobal
